<?xml version="1.0" encoding="utf-8"?>
<Project ToolsVersion="4.0" xmlns="http://schemas.microsoft.com/developer/msbuild/2003">
  <ItemGroup>
    <Filter Include="ソース ファイル">
      <UniqueIdentifier>{4FC737F1-C7A5-4376-A066-2A32D752A2FF}</UniqueIdentifier>
      <Extensions>cpp;c;cc;cxx;def;odl;idl;hpj;bat;asm;asmx</Extensions>
    </Filter>
    <Filter Include="ヘッダー ファイル">
      <UniqueIdentifier>{93995380-89BD-4b04-88EB-625FBE52EBFB}</UniqueIdentifier>
      <Extensions>h;hh;hpp;hxx;hm;inl;inc;xsd</Extensions>
    </Filter>
    <Filter Include="リソース ファイル">
      <UniqueIdentifier>{67DA6AB6-F800-4c08-8B7A-83BB121AAD01}</UniqueIdentifier>
      <Extensions>rc;ico;cur;bmp;dlg;rc2;rct;bin;rgs;gif;jpg;jpeg;jpe;resx;tiff;tif;png;wav;mfcribbon-ms</Extensions>
    </Filter>
    <Filter Include="ソース ファイル\GameOver">
      <UniqueIdentifier>{c2ca1a7e-29c7-4be6-b72d-1ba55cacfaf4}</UniqueIdentifier>
    </Filter>
    <Filter Include="ソース ファイル\Main">
      <UniqueIdentifier>{c53af29a-42bf-43a1-9f9c-1df4aa84b877}</UniqueIdentifier>
    </Filter>
    <Filter Include="ソース ファイル\Title">
      <UniqueIdentifier>{fffab041-a722-4388-bcf3-b90ba432b51e}</UniqueIdentifier>
    </Filter>
    <Filter Include="ソース ファイル\Main\Hero関係">
      <UniqueIdentifier>{121d694e-d6be-48d3-a737-0c661d156479}</UniqueIdentifier>
    </Filter>
    <Filter Include="ソース ファイル\Main\Enemy関係">
      <UniqueIdentifier>{0867080f-0d19-4183-a4bf-e1a0182f524b}</UniqueIdentifier>
    </Filter>
    <Filter Include="ソース ファイル\Main\Background関係">
      <UniqueIdentifier>{21ba3369-d201-4f65-bdbb-3dbb0cc8c7f7}</UniqueIdentifier>
    </Filter>
    <Filter Include="ソース ファイル\Main\Block関係">
      <UniqueIdentifier>{c03742d7-2f6a-4dc9-b083-867d379c04ec}</UniqueIdentifier>
    </Filter>
    <Filter Include="ソース ファイル\Main\仕掛け関係">
      <UniqueIdentifier>{297a2250-4e2b-45c5-b067-743bbfc752bd}</UniqueIdentifier>
    </Filter>
    <Filter Include="ソース ファイル\StageClear">
      <UniqueIdentifier>{25615bd1-bb91-4852-81f3-bb85ea19a68f}</UniqueIdentifier>
    </Filter>
    <Filter Include="ソース ファイル\GameClear">
      <UniqueIdentifier>{c45cdba9-e820-41cc-acdb-40103cb2c723}</UniqueIdentifier>
    </Filter>
    <Filter Include="ソース ファイル\操作説明">
      <UniqueIdentifier>{1fb90982-d090-4838-aed9-730a4813916c}</UniqueIdentifier>
    </Filter>
    <Filter Include="ソース ファイル\あらすじ">
      <UniqueIdentifier>{8bc25767-7b77-4d97-bd1e-e153041cd7a3}</UniqueIdentifier>
    </Filter>
    <Filter Include="ソース ファイル\エンディング">
      <UniqueIdentifier>{7a7d881a-87da-4be1-bfa1-bc4230ac5be1}</UniqueIdentifier>
    </Filter>
    <Filter Include="ソース ファイル\Main\泡">
      <UniqueIdentifier>{d4968c08-b7f3-4106-a59a-10d01efb5dec}</UniqueIdentifier>
    </Filter>
  </ItemGroup>
  <ItemGroup>
    <ClCompile Include="GameL\Audio.cpp">
      <Filter>リソース ファイル</Filter>
    </ClCompile>
    <ClCompile Include="GameL\DirectXDevice.cpp">
      <Filter>リソース ファイル</Filter>
    </ClCompile>
    <ClCompile Include="GameL\Draw2DTex_Source.cpp">
      <Filter>リソース ファイル</Filter>
    </ClCompile>
    <ClCompile Include="GameL\DrawFont.cpp">
      <Filter>リソース ファイル</Filter>
    </ClCompile>
    <ClCompile Include="GameL\DrawTexture.cpp">
      <Filter>リソース ファイル</Filter>
    </ClCompile>
    <ClCompile Include="GameL\GameL_Main.cpp">
      <Filter>リソース ファイル</Filter>
    </ClCompile>
    <ClCompile Include="GameL\HitBoxManager.cpp">
      <Filter>リソース ファイル</Filter>
    </ClCompile>
    <ClCompile Include="GameL\MultiThread.cpp">
      <Filter>リソース ファイル</Filter>
    </ClCompile>
    <ClCompile Include="GameL\SceneManager.cpp">
      <Filter>リソース ファイル</Filter>
    </ClCompile>
    <ClCompile Include="GameL\SceneObjManager.cpp">
      <Filter>リソース ファイル</Filter>
    </ClCompile>
    <ClCompile Include="GameL\SetWindow.cpp">
      <Filter>リソース ファイル</Filter>
    </ClCompile>
    <ClCompile Include="GameL\UserData.cpp">
      <Filter>リソース ファイル</Filter>
    </ClCompile>
    <ClCompile Include="GameL\WICTextureLoader.cpp">
      <Filter>リソース ファイル</Filter>
    </ClCompile>
    <ClCompile Include="GameL\WinInputs.cpp">
      <Filter>リソース ファイル</Filter>
    </ClCompile>
    <ClCompile Include="CObjHero.cpp">
      <Filter>ソース ファイル\Main\Hero関係</Filter>
    </ClCompile>
    <ClCompile Include="ObjBackground.cpp">
      <Filter>ソース ファイル\Main\Background関係</Filter>
    </ClCompile>
    <ClCompile Include="ObjBlock.cpp">
      <Filter>ソース ファイル\Main\Block関係</Filter>
    </ClCompile>
    <ClCompile Include="ObjEnemy1.cpp">
      <Filter>ソース ファイル\Main\Enemy関係</Filter>
    </ClCompile>
    <ClCompile Include="ObjEnemy2.cpp">
      <Filter>ソース ファイル\Main\Enemy関係</Filter>
    </ClCompile>
    <ClCompile Include="Objgoalblock.cpp">
      <Filter>ソース ファイル\Main\Block関係</Filter>
    </ClCompile>
    <ClCompile Include="ObjMain.cpp">
      <Filter>ソース ファイル\Main</Filter>
    </ClCompile>
    <ClCompile Include="ObjOver.cpp">
      <Filter>ソース ファイル\GameOver</Filter>
    </ClCompile>
    <ClCompile Include="ObjTitle.cpp">
      <Filter>ソース ファイル\Title</Filter>
    </ClCompile>
    <ClCompile Include="SceneTitle.cpp">
      <Filter>ソース ファイル\Title</Filter>
    </ClCompile>
    <ClCompile Include="SceneMain.cpp">
      <Filter>ソース ファイル\Main</Filter>
    </ClCompile>
    <ClCompile Include="SceneOver.cpp">
      <Filter>ソース ファイル\GameOver</Filter>
    </ClCompile>
    <ClCompile Include="CObjHeroSword.cpp">
      <Filter>ソース ファイル\Main\Hero関係</Filter>
    </ClCompile>
    <ClCompile Include="ObjBoss1.cpp">
      <Filter>ソース ファイル\Main\Enemy関係</Filter>
    </ClCompile>
    <ClCompile Include="ObjBoss2.cpp">
      <Filter>ソース ファイル\Main\Enemy関係</Filter>
    </ClCompile>
    <ClCompile Include="ObjBoss3.cpp">
      <Filter>ソース ファイル\Main\Enemy関係</Filter>
    </ClCompile>
    <ClCompile Include="ObjChangeGate1.cpp">
      <Filter>ソース ファイル\Main\仕掛け関係</Filter>
    </ClCompile>
    <ClCompile Include="ObjChangeSwitch.cpp">
      <Filter>ソース ファイル\Main\仕掛け関係</Filter>
    </ClCompile>
    <ClCompile Include="ObjSwitch.cpp">
      <Filter>ソース ファイル\Main\仕掛け関係</Filter>
    </ClCompile>
    <ClCompile Include="ObjEnemy3.cpp">
      <Filter>ソース ファイル\Main\Enemy関係</Filter>
    </ClCompile>
    <ClCompile Include="ObjStageClear.cpp">
      <Filter>ソース ファイル\StageClear</Filter>
    </ClCompile>
    <ClCompile Include="SceneStageClear.cpp">
      <Filter>ソース ファイル\StageClear</Filter>
    </ClCompile>
    <ClCompile Include="SceneClear.cpp">
      <Filter>ソース ファイル\GameClear</Filter>
    </ClCompile>
    <ClCompile Include="ObjClear.cpp">
      <Filter>ソース ファイル\GameClear</Filter>
    </ClCompile>
    <ClCompile Include="SceneOperation.cpp">
      <Filter>ソース ファイル\操作説明</Filter>
    </ClCompile>
    <ClCompile Include="ObjOperation.cpp">
      <Filter>ソース ファイル\操作説明</Filter>
    </ClCompile>
    <ClCompile Include="ObjOP.cpp">
      <Filter>ソース ファイル\あらすじ</Filter>
    </ClCompile>
    <ClCompile Include="SceneOP.cpp">
      <Filter>ソース ファイル\あらすじ</Filter>
    </ClCompile>
    <ClCompile Include="SceneED.cpp">
      <Filter>ソース ファイル\エンディング</Filter>
    </ClCompile>
    <ClCompile Include="ObjED.cpp">
      <Filter>ソース ファイル\エンディング</Filter>
    </ClCompile>
    <ClCompile Include="UtilityModule.cpp">
      <Filter>ソース ファイル</Filter>
    </ClCompile>
    <ClCompile Include="ObjBubble.cpp">
      <Filter>ソース ファイル\Main\泡</Filter>
    </ClCompile>
    <ClCompile Include="CObjStick.cpp">
      <Filter>ソース ファイル\Main\仕掛け関係</Filter>
    </ClCompile>
  </ItemGroup>
  <ItemGroup>
    <ClInclude Include="GameL\Audio.h">
      <Filter>リソース ファイル</Filter>
    </ClInclude>
    <ClInclude Include="GameL\DirectXDevice.h">
      <Filter>リソース ファイル</Filter>
    </ClInclude>
    <ClInclude Include="GameL\DirectXTex.h">
      <Filter>リソース ファイル</Filter>
    </ClInclude>
    <ClInclude Include="GameL\DrawFont.h">
      <Filter>リソース ファイル</Filter>
    </ClInclude>
    <ClInclude Include="GameL\DrawTexture.h">
      <Filter>リソース ファイル</Filter>
    </ClInclude>
    <ClInclude Include="GameL\HitBoxManager.h">
      <Filter>リソース ファイル</Filter>
    </ClInclude>
    <ClInclude Include="GameL\MultiThread.h">
      <Filter>リソース ファイル</Filter>
    </ClInclude>
    <ClInclude Include="GameL\SceneManager.h">
      <Filter>リソース ファイル</Filter>
    </ClInclude>
    <ClInclude Include="GameL\SceneObjManager.h">
      <Filter>リソース ファイル</Filter>
    </ClInclude>
    <ClInclude Include="GameL\SetWindow.h">
      <Filter>リソース ファイル</Filter>
    </ClInclude>
    <ClInclude Include="GameL\UserData.h">
      <Filter>リソース ファイル</Filter>
    </ClInclude>
    <ClInclude Include="GameL\WICTextureLoader.h">
      <Filter>リソース ファイル</Filter>
    </ClInclude>
    <ClInclude Include="GameL\WinInputs.h">
      <Filter>リソース ファイル</Filter>
    </ClInclude>
    <ClInclude Include="GameHead.h">
      <Filter>ヘッダー ファイル</Filter>
    </ClInclude>
    <ClInclude Include="main.h">
      <Filter>ヘッダー ファイル</Filter>
    </ClInclude>
    <ClInclude Include="CObjHero.h">
      <Filter>ソース ファイル\Main\Hero関係</Filter>
    </ClInclude>
    <ClInclude Include="ObjBackground.h">
      <Filter>ソース ファイル\Main\Background関係</Filter>
    </ClInclude>
    <ClInclude Include="ObjBlock.h">
      <Filter>ソース ファイル\Main\Block関係</Filter>
    </ClInclude>
    <ClInclude Include="ObjEnemy1.h">
      <Filter>ソース ファイル\Main\Enemy関係</Filter>
    </ClInclude>
    <ClInclude Include="ObjEnemy2.h">
      <Filter>ソース ファイル\Main\Enemy関係</Filter>
    </ClInclude>
    <ClInclude Include="Objgoalblock.h">
      <Filter>ソース ファイル\Main\Block関係</Filter>
    </ClInclude>
    <ClInclude Include="ObjMain.h">
      <Filter>ソース ファイル\Main</Filter>
    </ClInclude>
    <ClInclude Include="ObjOver.h">
      <Filter>ソース ファイル\GameOver</Filter>
    </ClInclude>
    <ClInclude Include="ObjTitle.h">
      <Filter>ソース ファイル\Title</Filter>
    </ClInclude>
    <ClInclude Include="SceneTitle.h">
      <Filter>ソース ファイル\Title</Filter>
    </ClInclude>
    <ClInclude Include="SceneMain.h">
      <Filter>ソース ファイル\Main</Filter>
    </ClInclude>
    <ClInclude Include="SceneOver.h">
      <Filter>ソース ファイル\GameOver</Filter>
    </ClInclude>
    <ClInclude Include="CObjHeroSword.h">
      <Filter>ソース ファイル\Main\Hero関係</Filter>
    </ClInclude>
    <ClInclude Include="ObjBoss1.h">
      <Filter>ソース ファイル\Main\Enemy関係</Filter>
    </ClInclude>
    <ClInclude Include="ObjBoss2.h">
      <Filter>ソース ファイル\Main\Enemy関係</Filter>
    </ClInclude>
    <ClInclude Include="ObjBoss3.h">
      <Filter>ソース ファイル\Main\Enemy関係</Filter>
    </ClInclude>
    <ClInclude Include="ObjChangeGate1.h">
      <Filter>ソース ファイル\Main\仕掛け関係</Filter>
    </ClInclude>
    <ClInclude Include="ObjChangeSwitch.h">
      <Filter>ソース ファイル\Main\仕掛け関係</Filter>
    </ClInclude>
    <ClInclude Include="ObjSwitch.h">
      <Filter>ソース ファイル\Main\仕掛け関係</Filter>
    </ClInclude>
    <ClInclude Include="ObjEnemy3.h">
      <Filter>ソース ファイル\Main\Enemy関係</Filter>
    </ClInclude>
    <ClInclude Include="ObjStageClear.h">
      <Filter>ソース ファイル\StageClear</Filter>
    </ClInclude>
    <ClInclude Include="SceneStageClear.h">
      <Filter>ソース ファイル\StageClear</Filter>
    </ClInclude>
    <ClInclude Include="SceneClear.h">
      <Filter>ソース ファイル\GameClear</Filter>
    </ClInclude>
    <ClInclude Include="ObjClear.h">
      <Filter>ソース ファイル\GameClear</Filter>
    </ClInclude>
    <ClInclude Include="SceneOperation.h">
      <Filter>ソース ファイル\操作説明</Filter>
    </ClInclude>
    <ClInclude Include="ObjOperation.h">
      <Filter>ソース ファイル\操作説明</Filter>
    </ClInclude>
    <ClInclude Include="ObjOP.h">
      <Filter>ソース ファイル\あらすじ</Filter>
    </ClInclude>
    <ClInclude Include="SceneOP.h">
      <Filter>ソース ファイル\あらすじ</Filter>
    </ClInclude>
    <ClInclude Include="SceneED.h">
      <Filter>ソース ファイル\エンディング</Filter>
    </ClInclude>
    <ClInclude Include="ObjED.h">
      <Filter>ソース ファイル\エンディング</Filter>
    </ClInclude>
    <ClInclude Include="UtilityModule.h">
      <Filter>ソース ファイル</Filter>
    </ClInclude>
    <ClInclude Include="ObjBubble.h">
      <Filter>ソース ファイル\Main\泡</Filter>
    </ClInclude>
    <ClInclude Include="CObjStick.h">
      <Filter>ソース ファイル\Main\仕掛け関係</Filter>
    </ClInclude>
  </ItemGroup>
  <ItemGroup>
    <None Include="GameL\DirectXTex.inl">
      <Filter>リソース ファイル</Filter>
    </None>
  </ItemGroup>
  <ItemGroup>
    <Library Include="GameL\DirectXTex.lib">
      <Filter>リソース ファイル</Filter>
    </Library>
  </ItemGroup>
</Project>